
Microsoft Visual Studio Solution File, Format Version 12.00
# Visual Studio Version 16
VisualStudioVersion = 16.0.29709.97
MinimumVisualStudioVersion = 10.0.40219.1
Project("{8BC9CEB8-8B4A-11D0-8D11-00A0C91BC942}") = "Husky", "Husky\Husky.vcxproj", "{2CA350DB-7CAA-4E01-BCD6-4900492CBE01}"
EndProject
Project("{8BC9CEB8-8B4A-11D0-8D11-00A0C91BC942}") = "SandboxGame", "SandboxGame\SandboxGame.vcxproj", "{F3831684-95A5-4266-B8D7-D6133667872F}"
EndProject
Global
	GlobalSection(SolutionConfigurationPlatforms) = preSolution
		Debug|x64 = Debug|x64
		Release|x64 = Release|x64
	EndGlobalSection
	GlobalSection(ProjectConfigurationPlatforms) = postSolution
		{2CA350DB-7CAA-4E01-BCD6-4900492CBE01}.Debug|x64.ActiveCfg = Debug|x64
		{2CA350DB-7CAA-4E01-BCD6-4900492CBE01}.Debug|x64.Build.0 = Debug|x64
		{2CA350DB-7CAA-4E01-BCD6-4900492CBE01}.Release|x64.ActiveCfg = Release|x64
		{2CA350DB-7CAA-4E01-BCD6-4900492CBE01}.Release|x64.Build.0 = Release|x64
		{F3831684-95A5-4266-B8D7-D6133667872F}.Debug|x64.ActiveCfg = Debug|x64
		{F3831684-95A5-4266-B8D7-D6133667872F}.Debug|x64.Build.0 = Debug|x64
		{F3831684-95A5-4266-B8D7-D6133667872F}.Release|x64.ActiveCfg = Release|x64
		{F3831684-95A5-4266-B8D7-D6133667872F}.Release|x64.Build.0 = Release|x64
	EndGlobalSection
	GlobalSection(SolutionProperties) = preSolution
		HideSolutionNode = FALSE
	EndGlobalSection
	GlobalSection(ExtensibilityGlobals) = postSolution
		SolutionGuid = {BC2902B6-A7B1-483C-9400-95ADEAE8D03A}
	EndGlobalSection
EndGlobal
